{
  "version": "5",
  "specifiers": {
    "jsr:@david/path@0.2": "0.2.0",
    "jsr:@david/temp@~0.1.1": "0.1.1",
    "jsr:@deno/wasmbuild@*": "0.21.1",
    "jsr:@std/cli@^1.0.11": "1.0.30",
    "jsr:@std/encoding@*": "1.0.10",
    "jsr:@std/encoding@^1.0.6": "1.0.10",
    "jsr:@std/fmt@^1.0.4": "1.0.10",
    "jsr:@std/fs@1": "1.0.24",
    "jsr:@std/fs@^1.0.10": "1.0.24",
    "jsr:@std/internal@^1.0.14": "1.0.14",
    "jsr:@std/path@1": "1.1.5",
    "jsr:@std/path@^1.1.5": "1.1.5",
    "jsr:@std/streams@^1.0.17": "1.1.1",
    "jsr:@std/tar@~0.1.4": "0.1.10",
    "npm:@babel/generator@*": "8.0.0",
    "npm:@babel/generator@^8.0.0-rc.6": "8.0.0",
    "npm:@babel/highlight@^7.25.9": "7.25.9",
    "npm:@babel/parser@*": "8.0.4",
    "npm:@babel/parser@^8.0.0-rc.6": "8.0.4",
    "npm:@babel/traverse@*": "8.0.4",
    "npm:@babel/traverse@^8.0.0-rc.6": "8.0.4",
    "npm:@babel/types@*": "8.0.4",
    "npm:@babel/types@^8.0.0-rc.6": "8.0.4",
    "npm:@types/babel__generator@*": "7.27.0",
    "npm:@types/node@*": "24.2.0",
    "npm:lmdb@^3.5.6": "3.5.6",
    "npm:msgpackr@^1.11.2": "1.12.1"
  },
  "jsr": {
    "@david/path@0.2.0": {
      "integrity": "f2d7aa7f02ce5a55e27c09f9f1381794acb09d328f8d3c8a2e3ab3ffc294dccd",
      "dependencies": [
        "jsr:@std/fs@1",
        "jsr:@std/path@1"
      ]
    },
    "@david/temp@0.1.1": {
      "integrity": "3974e3aa76536bd831294b72f5b70bfb67af3f4119ae334360e321f6ded18840",
      "dependencies": [
        "jsr:@david/path"
      ]
    },
    "@deno/wasmbuild@0.21.1": {
      "integrity": "f60afdffefbd61067cb8a0083cde7d22f5eb74084b074c672a87b8e92042b456",
      "dependencies": [
        "jsr:@david/path",
        "jsr:@david/temp",
        "jsr:@std/cli",
        "jsr:@std/encoding@^1.0.6",
        "jsr:@std/fmt",
        "jsr:@std/fs@^1.0.10",
        "jsr:@std/tar"
      ]
    },
    "@std/cli@1.0.30": {
      "integrity": "769446536522d0417d7127ebcabcafac1ab0ce6766d0eb3fca1d36326fe98d13"
    },
    "@std/encoding@1.0.10": {
      "integrity": "8783c6384a2d13abd5e9e87a7ae0520a30e9f56aeeaa3bdf910a3eaaf5c811a1"
    },
    "@std/fmt@1.0.10": {
      "integrity": "90dfba288802ac6de82fb31d0917eb9e4450b9925b954d5e51fc29ac07419db5"
    },
    "@std/fs@1.0.24": {
      "integrity": "f3061b45b81673a2bece689da041df32d174be064c89eb6397fb5718d3fb7877",
      "dependencies": [
        "jsr:@std/internal",
        "jsr:@std/path@^1.1.5"
      ]
    },
    "@std/internal@1.0.14": {
      "integrity": "291516b3d4c35024d6ffbc0a9df5bf4c64116e05b50012cf846710152d2ffdf7"
    },
    "@std/path@1.1.5": {
      "integrity": "ccea00982ea28c36becaf6e62f855406c76a8c32d462f66f415bbb7d83a271bc",
      "dependencies": [
        "jsr:@std/internal"
      ]
    },
    "@std/streams@1.1.1": {
      "integrity": "92556d350e537e9dce527a6d08f6f15be3ff65e656079dea69d15252187c7613"
    },
    "@std/tar@0.1.10": {
      "integrity": "6bf907f3a4bc8bfef42973ba132d946756a6161ef6b914a9e1c06debe664db17",
      "dependencies": [
        "jsr:@std/streams"
      ]
    }
  },
  "npm": {
    "@babel/code-frame@8.0.0": {
      "integrity": "sha512-dYYg153EyN2Ekbqw2zAsbd6/JR+9N2SEoC7YV2GyyqMM7x9bLDTjBD6XBhSMLH0wtIVyJj03jWNriQhaN+eoCw==",
      "dependencies": [
        "@babel/helper-validator-identifier@8.0.4",
        "js-tokens@10.0.0"
      ]
    },
    "@babel/generator@8.0.0": {
      "integrity": "sha512-NT9NrVwJsbSV6Y2FSstWa71EETOnzrjkL5/wX3D2mYHtKM+qvqB1DvR4D0Setb/gDBsHzRICifwEWMO8CnTF6g==",
      "dependencies": [
        "@babel/parser",
        "@babel/types@8.0.4",
        "@jridgewell/gen-mapping",
        "@jridgewell/trace-mapping",
        "@types/jsesc",
        "jsesc"
      ]
    },
    "@babel/helper-globals@8.0.0": {
      "integrity": "sha512-lLozHOM6sWWlxNo8CYqHy4MBZeTvHXNgVPBfPOGsjPKUzHC2Az9QwB6gxdQmpwHl6GlQtbGgS+lj5887guDiLw=="
    },
    "@babel/helper-string-parser@7.27.1": {
      "integrity": "sha512-qMlSxKbpRlAridDExk92nSobyDdpPijUq2DW6oDnUqd0iOGxmQjyqhMIihI9+zv4LPyZdRje2cavWPbCbWm3eA=="
    },
    "@babel/helper-string-parser@8.0.0": {
      "integrity": "sha512-6mJgmFFFIIO82vvoLt9XtRC7/TkzXfts1t/SpRX4IHSzMgqoPYCWesVu1udUPUWioAE/2fcG6WuI8zrkE1gwrg=="
    },
    "@babel/helper-validator-identifier@7.28.5": {
      "integrity": "sha512-qSs4ifwzKJSV39ucNjsvc6WVHs6b7S03sOh2OcHF9UHfVPqWWALUsNUVzhSBiItjRZoLHx7nIarVjqKVusUZ1Q=="
    },
    "@babel/helper-validator-identifier@8.0.4": {
      "integrity": "sha512-4wFaiLd0bVo4cIoTXI3zKI038NIWE/cr3jvBjejOVYVxV/m8Ltav1USiGzG1fmS5J2RhgEOgXNNK46cRPnRsrg=="
    },
    "@babel/highlight@7.25.9": {
      "integrity": "sha512-llL88JShoCsth8fF8R4SJnIn+WLvR6ccFxu1H3FlMhDontdcmZWf2HgIZ7AIqV3Xcck1idlohrN4EUBQz6klbw==",
      "dependencies": [
        "@babel/helper-validator-identifier@7.28.5",
        "chalk",
        "js-tokens@4.0.0",
        "picocolors"
      ]
    },
    "@babel/parser@8.0.4": {
      "integrity": "sha512-srpptsAkEbbNIC/q8nT7o+m6CQe8CJUTV/t7MYc9NnWlgYVtHOb7JH6SorxMhN0kuRJjVqXbKClG6xSbPtzz+g==",
      "dependencies": [
        "@babel/types@8.0.4"
      ],
      "bin": true
    },
    "@babel/template@8.0.0": {
      "integrity": "sha512-eAD0QW/AlbamBbw0FeGiwasbCVPq5ncW0HNVyLP3B9czqLyh4gvw+5JTSNt6le9+ziAU7mqDZsKTHf3jTb4chQ==",
      "dependencies": [
        "@babel/code-frame",
        "@babel/parser",
        "@babel/types@8.0.4"
      ]
    },
    "@babel/traverse@8.0.4": {
      "integrity": "sha512-bZnmqzGG8UZneG1lLxBoWIH0G6Gr1D846Yu4/3XnY6FhCndMR49u26nTY08u/dAxWmLWF9vGQOuC+84FfIUoeg==",
      "dependencies": [
        "@babel/code-frame",
        "@babel/generator",
        "@babel/helper-globals",
        "@babel/parser",
        "@babel/template",
        "@babel/types@8.0.4",
        "obug"
      ]
    },
    "@babel/types@7.28.5": {
      "integrity": "sha512-qQ5m48eI/MFLQ5PxQj4PFaprjyCTLI37ElWMmNs0K8Lk3dVeOdNpB3ks8jc7yM5CDmVC73eMVk/trk3fgmrUpA==",
      "dependencies": [
        "@babel/helper-string-parser@7.27.1",
        "@babel/helper-validator-identifier@7.28.5"
      ]
    },
    "@babel/types@8.0.4": {
      "integrity": "sha512-eY+Yn3dCqTGmyiq2QRU66lA5FL8lqqqvecHt0fF3uHONIa7ToYsaCiWV8lOKqAs0Rb2SjixiKFROngnulPtt2g==",
      "dependencies": [
        "@babel/helper-string-parser@8.0.0",
        "@babel/helper-validator-identifier@8.0.4"
      ]
    },
    "@harperfast/extended-iterable@1.0.3": {
      "integrity": "sha512-sSAYhQca3rDWtQUHSAPeO7axFIUJOI6hn1gjRC5APVE1a90tuyT8f5WIgRsFhhWA7htNkju2veB9eWL6YHi/Lw=="
    },
    "@jridgewell/gen-mapping@0.3.13": {
      "integrity": "sha512-2kkt/7niJ6MgEPxF0bYdQ6etZaA+fQvDcLKckhy1yIQOzaoKjBBjSj63/aLVjYE3qhRt5dvM+uUyfCg6UKCBbA==",
      "dependencies": [
        "@jridgewell/sourcemap-codec",
        "@jridgewell/trace-mapping"
      ]
    },
    "@jridgewell/resolve-uri@3.1.2": {
      "integrity": "sha512-bRISgCIjP20/tbWSPWMEi54QVPRZExkuD9lJL+UIxUKtwVJA8wW1Trb1jMs1RFXo1CBTNZ/5hpC9QvmKWdopKw=="
    },
    "@jridgewell/sourcemap-codec@1.5.5": {
      "integrity": "sha512-cYQ9310grqxueWbl+WuIUIaiUaDcj7WOq5fVhEljNVgRfOUhY9fy2zTvfoqWsnebh8Sl70VScFbICvJnLKB0Og=="
    },
    "@jridgewell/trace-mapping@0.3.31": {
      "integrity": "sha512-zzNR+SdQSDJzc8joaeP8QQoCQr8NuYx2dIIytl1QeBEZHJ9uW6hebsrYgbz8hJwUQao3TWCMtmfV8Nu1twOLAw==",
      "dependencies": [
        "@jridgewell/resolve-uri",
        "@jridgewell/sourcemap-codec"
      ]
    },
    "@lmdb/lmdb-darwin-arm64@3.5.6": {
      "integrity": "sha512-mY5FG4TjPAkY4P0w+OhHaUka5mDh2TX2WKYIwuKzJ1zeW3VvRgxdam/lGJTquI+bthTx5CSHDW+BAQCnNAzkEA==",
      "os": ["darwin"],
      "cpu": ["arm64"]
    },
    "@lmdb/lmdb-darwin-x64@3.5.6": {
      "integrity": "sha512-foa+pwitysO8k+xhs7psBFfTKnVgR69NlZRRTHaFVDqphh7AdGpLeyRzKw/ofatr/sN6TiHRRW6mmop0ZrrppQ==",
      "os": ["darwin"],
      "cpu": ["x64"]
    },
    "@lmdb/lmdb-linux-arm64@3.5.6": {
      "integrity": "sha512-HmiyFFdJa38s1heCMSooSPaBSFTHJ3C+ERPp28xAPlDX1YiALJVOgbry065nXd8Y7KISWjnw05zpG1RX8IfftA==",
      "os": ["linux"],
      "cpu": ["arm64"]
    },
    "@lmdb/lmdb-linux-arm@3.5.6": {
      "integrity": "sha512-QR4YRyR5h5Z8eGXrNQjiyo2NNDfqi3tCc9dQG5Is1blCt+qWw1ZoBWhlWAr5d+jshkifMIJjVHzHGKbkKzF8Tw==",
      "os": ["linux"],
      "cpu": ["arm"]
    },
    "@lmdb/lmdb-linux-x64@3.5.6": {
      "integrity": "sha512-ADzCuCF2cTNiX9kDScqcz1fjnAkxPpQNneV3KFTdV3wWtVlI2sTGzySoMTgDpinkMMFj1NTJlxA6XR8fwc4hlA==",
      "os": ["linux"],
      "cpu": ["x64"]
    },
    "@lmdb/lmdb-win32-arm64@3.5.6": {
      "integrity": "sha512-J7A9aEQsQiv0TYtBGL7NDIPp2lOS8nnl+zm4sWZm1xlsTTaQ4PgD096Adzdrk27rw3UxCkDXdCUa4ax41oztBQ==",
      "os": ["win32"],
      "cpu": ["arm64"]
    },
    "@lmdb/lmdb-win32-x64@3.5.6": {
      "integrity": "sha512-1g7G0knRX2iV/voDu54yxrGqw5Dk0w2oIYb7dgJq8IkOi+m7wbD8Q3QpPFjh0C01G58S88dqGn03len6UPCXsg==",
      "os": ["win32"],
      "cpu": ["x64"]
    },
    "@msgpackr-extract/msgpackr-extract-darwin-arm64@3.0.4": {
      "integrity": "sha512-LCkGo6JDfaBhgST7UpPWgNgLINpcpabaHfyz5OBx75nUYxBsaEPxjnyNjWpeb/xBup/682QnBfRBy2/LvPutZQ==",
      "os": ["darwin"],
      "cpu": ["arm64"]
    },
    "@msgpackr-extract/msgpackr-extract-darwin-x64@3.0.4": {
      "integrity": "sha512-zExlW9zUJKZH/tOtVMttwjKa4Xm/3KcNjnE3dPN92uCktwavMxpgCA3MoJK/DOnTWsQgo224OaST27/mPNAf+w==",
      "os": ["darwin"],
      "cpu": ["x64"]
    },
    "@msgpackr-extract/msgpackr-extract-linux-arm64@3.0.4": {
      "integrity": "sha512-dgX0P/9wGPJeHFBG+ZmhgE6bmtMt7NP5CRBGyyktpopdk/mW4POnrpQsSLtKI1dwpc+pPLuXHDh6vvskyQE/sw==",
      "os": ["linux"],
      "cpu": ["arm64"]
    },
    "@msgpackr-extract/msgpackr-extract-linux-arm@3.0.4": {
      "integrity": "sha512-Tg3yX65f5GbtXLkrYEHE5oibZG9epyYWas7FogTTEJeDEF9JlXJzKgXaNhT3UXlTOeA+AfZpYZYZ0uPj7Cfquw==",
      "os": ["linux"],
      "cpu": ["arm"]
    },
    "@msgpackr-extract/msgpackr-extract-linux-x64@3.0.4": {
      "integrity": "sha512-8TNXMEjJc3QEy7R/x1INhgiU+XakDAFUzBhaz7+Rbrs8NH5UQeHQxxmzsSBJGyV6I1jW79undiQm8tOI+D+8FQ==",
      "os": ["linux"],
      "cpu": ["x64"]
    },
    "@msgpackr-extract/msgpackr-extract-win32-x64@3.0.4": {
      "integrity": "sha512-CmCXPQrkbwExx3j946/PtHWHbYJiCRBRDl4BlkRQcJB/YOwQxJRTpoo7aTsortjgoJ1x7opzTSxn7C+ASSLVjQ==",
      "os": ["win32"],
      "cpu": ["x64"]
    },
    "@types/babel__generator@7.27.0": {
      "integrity": "sha512-ufFd2Xi92OAVPYsy+P4n7/U7e68fex0+Ee8gSG9KX7eo084CWiQ4sdxktvdl0bOPupXtVJPY19zk6EwWqUQ8lg==",
      "dependencies": [
        "@babel/types@7.28.5"
      ]
    },
    "@types/jsesc@2.5.1": {
      "integrity": "sha512-9VN+6yxLOPLOav+7PwjZbxiID2bVaeq0ED4qSQmdQTdjnXJSaCVKTR58t15oqH1H5t8Ng2ZX1SabJVoN9Q34bw=="
    },
    "@types/node@24.2.0": {
      "integrity": "sha512-3xyG3pMCq3oYCNg7/ZP+E1ooTaGB4cG8JWRsqqOYQdbWNY4zbaV0Ennrd7stjiJEFZCaybcIgpTjJWHRfBSIDw==",
      "dependencies": [
        "undici-types"
      ]
    },
    "ansi-styles@3.2.1": {
      "integrity": "sha512-VT0ZI6kZRdTh8YyJw3SMbYm/u+NqfsAxEpWO0Pf9sq8/e94WxxOpPKx9FR1FlyCtOVDNOQ+8ntlqFxiRc+r5qA==",
      "dependencies": [
        "color-convert"
      ]
    },
    "chalk@2.4.2": {
      "integrity": "sha512-Mti+f9lpJNcwF4tWV8/OrTTtF1gZi+f8FqlyAdouralcFWFQWF2+NgCHShjkCb+IFBLq9buZwE1xckQU4peSuQ==",
      "dependencies": [
        "ansi-styles",
        "escape-string-regexp",
        "supports-color"
      ]
    },
    "color-convert@1.9.3": {
      "integrity": "sha512-QfAUtd+vFdAtFQcC8CCyYt1fYWxSqAiK2cSD6zDB8N3cpsEBAvRxp9zOGg6G/SHHJYAT88/az/IuDGALsNVbGg==",
      "dependencies": [
        "color-name"
      ]
    },
    "color-name@1.1.3": {
      "integrity": "sha512-72fSenhMw2HZMTVHeCA9KCmpEIbzWiQsjN+BHcBbS9vr1mtt+vJjPdksIBNUmKAW8TFUDPJK5SUU3QhE9NEXDw=="
    },
    "detect-libc@2.1.2": {
      "integrity": "sha512-Btj2BOOO83o3WyH59e8MgXsxEQVcarkUOpEYrubB0urwnN10yQ364rsiByU11nZlqWYZm05i/of7io4mzihBtQ=="
    },
    "escape-string-regexp@1.0.5": {
      "integrity": "sha512-vbRorB5FUQWvla16U8R/qgaFIya2qGzwDrNmCZuYKrbdSUMG6I1ZCGQRefkRVhuOkIGVne7BQ35DSfo1qvJqFg=="
    },
    "has-flag@3.0.0": {
      "integrity": "sha512-sKJf1+ceQBr4SMkvQnBDNDtf4TXpVhVGateu0t918bl30FnbE2m4vNLX+VWe/dpjlb+HugGYzW7uQXH98HPEYw=="
    },
    "js-tokens@10.0.0": {
      "integrity": "sha512-lM/UBzQmfJRo9ABXbPWemivdCW8V2G8FHaHdypQaIy523snUjog0W71ayWXTjiR+ixeMyVHN2XcpnTd/liPg/Q=="
    },
    "js-tokens@4.0.0": {
      "integrity": "sha512-RdJUflcE3cUzKiMqQgsCu06FPu9UdIJO0beYbPhHN4k6apgJtifcoCtT9bcxOpYBtpD2kCM6Sbzg4CausW/PKQ=="
    },
    "jsesc@3.1.0": {
      "integrity": "sha512-/sM3dO2FOzXjKQhJuo0Q173wf2KOo8t4I8vHy6lF9poUp7bKT0/NHE8fPX23PwfhnykfqnC2xRxOnVw5XuGIaA==",
      "bin": true
    },
    "lmdb@3.5.6": {
      "integrity": "sha512-j3uE8ReKNyUWDjhfEFSJqE/1DLtfTR5Z8yFzVHvBjAk37wNg7HdScjcv8ttPHRvrdgPQMPWxFFI0SsdBzI5lBw==",
      "dependencies": [
        "@harperfast/extended-iterable",
        "msgpackr",
        "node-addon-api",
        "node-gyp-build-optional-packages",
        "ordered-binary",
        "weak-lru-cache"
      ],
      "optionalDependencies": [
        "@lmdb/lmdb-darwin-arm64",
        "@lmdb/lmdb-darwin-x64",
        "@lmdb/lmdb-linux-arm",
        "@lmdb/lmdb-linux-arm64",
        "@lmdb/lmdb-linux-x64",
        "@lmdb/lmdb-win32-arm64",
        "@lmdb/lmdb-win32-x64"
      ],
      "scripts": true,
      "bin": true
    },
    "msgpackr-extract@3.0.4": {
      "integrity": "sha512-4kmO/MdyUIkLIvTPr8VHLil4AtoKIoniWPIEk5+CDy0xnWC84azhSFmuJ7PxZdsYtiP5kEeQsORAVIeMgxT+Hw==",
      "dependencies": [
        "node-gyp-build-optional-packages"
      ],
      "optionalDependencies": [
        "@msgpackr-extract/msgpackr-extract-darwin-arm64",
        "@msgpackr-extract/msgpackr-extract-darwin-x64",
        "@msgpackr-extract/msgpackr-extract-linux-arm",
        "@msgpackr-extract/msgpackr-extract-linux-arm64",
        "@msgpackr-extract/msgpackr-extract-linux-x64",
        "@msgpackr-extract/msgpackr-extract-win32-x64"
      ],
      "scripts": true,
      "bin": true
    },
    "msgpackr@1.12.1": {
      "integrity": "sha512-4EUH9tQHnMmEgzW/MdAP0KIfa1T9AF+htl0ffe2n5vb2EKn9y2co8ccpgWko6S52Jy1PQZKwRnx5/KkYjtd9MQ==",
      "optionalDependencies": [
        "msgpackr-extract"
      ]
    },
    "node-addon-api@6.1.0": {
      "integrity": "sha512-+eawOlIgy680F0kBzPUNFhMZGtJ1YmqM6l4+Crf4IkImjYrO/mqPwRMh352g23uIaQKFItcQ64I7KMaJxHgAVA=="
    },
    "node-gyp-build-optional-packages@5.2.2": {
      "integrity": "sha512-s+w+rBWnpTMwSFbaE0UXsRlg7hU4FjekKU4eyAih5T8nJuNZT1nNsskXpxmeqSK9UzkBl6UgRlnKc8hz8IEqOw==",
      "dependencies": [
        "detect-libc"
      ],
      "bin": true
    },
    "obug@2.1.3": {
      "integrity": "sha512-9miFgM2OFba7hB+pRgvtV84pYTBaoTHohvmIgiRt6dRIzbwEOIaNaP+dIlGs2fNFoB0SeISs0Jz5WFVRid6Xyg=="
    },
    "ordered-binary@1.6.1": {
      "integrity": "sha512-QkCdPooczexPLiXIrbVOPYkR3VO3T6v2OyKRkR1Xbhpy7/LAVXwahnRCgRp78Oe/Ehf0C/HATAxfSr6eA1oX+w=="
    },
    "picocolors@1.1.1": {
      "integrity": "sha512-xceH2snhtb5M9liqDsmEw56le376mTZkEX/jEb/RxNFyegNul7eNslCXP9FDj/Lcu0X8KEyMceP2ntpaHrDEVA=="
    },
    "supports-color@5.5.0": {
      "integrity": "sha512-QjVjwdXIt408MIiAqCX4oUKsgU2EqAGzs2Ppkm4aQYbjm+ZEWEcW4SfFNTr4uMNZma0ey4f5lgLrkB0aX0QMow==",
      "dependencies": [
        "has-flag"
      ]
    },
    "undici-types@7.10.0": {
      "integrity": "sha512-t5Fy/nfn+14LuOc2KNYg75vZqClpAiqscVvMygNnlsHBFpSXdJaYtXMcdNLpl/Qvc3P2cB3s6lOV51nqsFq4ag=="
    },
    "weak-lru-cache@1.2.2": {
      "integrity": "sha512-DEAoo25RfSYMuTGc9vPJzZcZullwIqRDSI9LOy+fkCJPi6hykCnfKaXTuPBDuXAUcqHXyOgFtHNp/kB2FjYHbw=="
    }
  },
  "remote": {
    "https://deno.land/std@0.224.0/assert/assert.ts": "09d30564c09de846855b7b071e62b5974b001bb72a4b797958fe0660e7849834",
    "https://deno.land/std@0.224.0/assert/assertion_error.ts": "ba8752bd27ebc51f723702fac2f54d3e94447598f54264a6653d6413738a8917",
    "https://deno.land/std@0.224.0/bytes/concat.ts": "86161274b5546a02bdb3154652418efe7af8c9310e8d54107a68aaa148e0f5ed",
    "https://deno.land/std@0.224.0/bytes/copy.ts": "08d85062240a7223e6ec4e2af193ad1a50c59a43f0d86ac3a7b16f3e0d77c028",
    "https://deno.land/std@0.224.0/io/buf_reader.ts": "aa6d589e567c964c8ba1f582648f3feac45e88ab2e3d2cc2c9f84fd73c05d051",
    "https://deno.land/std@0.224.0/io/read_lines.ts": "17b96f87dbebc5edb976b3d83dc7713bddb994e9c8cb688012d6c6c26803fb9e"
  },
  "workspace": {
    "dependencies": [
      "npm:@babel/generator@^8.0.0-rc.6",
      "npm:@babel/highlight@^7.25.9",
      "npm:@babel/parser@^8.0.0-rc.6",
      "npm:@babel/traverse@^8.0.0-rc.6",
      "npm:@babel/types@^8.0.0-rc.6",
      "npm:lmdb@^3.5.6",
      "npm:msgpackr@^1.11.2"
    ]
  }
}
